// !$*UTF8*$!
{
	archiveVersion = 1;
	classes = {
	};
	objectVersion = 77;
	objects = {

/* Begin PBXBuildFile section */
		E40410A62FAA14F00065468D /* DemucsMLX in Frameworks */ = {isa = PBXBuildFile; productRef = E40410A52FAA14F00065468D /* DemucsMLX */; };
		E4A1C0022FAA00010065468D /* AppIcon.icns in Resources */ = {isa = PBXBuildFile; fileRef = E4A1C0012FAA00010065468D /* AppIcon.icns */; };
/* End PBXBuildFile section */

/* Begin PBXContainerItemProxy section */
		E48562E52FAA0CA000AE0E92 /* PBXContainerItemProxy */ = {
			isa = PBXContainerItemProxy;
			containerPortal = E48562CF2FAA0C9F00AE0E92 /* Project object */;
			proxyType = 1;
			remoteGlobalIDString = E48562D62FAA0C9F00AE0E92;
			remoteInfo = Quatuor;
		};
/* End PBXContainerItemProxy section */

/* Begin PBXFileReference section */
		E4A1C0012FAA00010065468D /* AppIcon.icns */ = {isa = PBXFileReference; lastKnownFileType = image.icns; name = AppIcon.icns; path = Resources/AppIcon.icns; sourceTree = "<group>"; };
		E40410AE2FAA33580065468D /* Lame.xcconfig */ = {isa = PBXFileReference; lastKnownFileType = text.xcconfig; path = Lame.xcconfig; sourceTree = "<group>"; };
		E48562D72FAA0C9F00AE0E92 /* Quatuor.app */ = {isa = PBXFileReference; explicitFileType = wrapper.application; includeInIndex = 0; path = Quatuor.app; sourceTree = BUILT_PRODUCTS_DIR; };
		E48562E42FAA0CA000AE0E92 /* QuatuorTests.xctest */ = {isa = PBXFileReference; explicitFileType = wrapper.cfbundle; includeInIndex = 0; path = QuatuorTests.xctest; sourceTree = BUILT_PRODUCTS_DIR; };
/* End PBXFileReference section */

/* Begin PBXFileSystemSynchronizedRootGroup section */
		E48562D92FAA0C9F00AE0E92 /* Quatuor */ = {
			isa = PBXFileSystemSynchronizedRootGroup;
			path = Quatuor;
			sourceTree = "<group>";
		};
		E48562E72FAA0CA000AE0E92 /* QuatuorTests */ = {
			isa = PBXFileSystemSynchronizedRootGroup;
			path = QuatuorTests;
			sourceTree = "<group>";
		};
/* End PBXFileSystemSynchronizedRootGroup section */

/* Begin PBXFrameworksBuildPhase section */
		E48562D42FAA0C9F00AE0E92 /* Frameworks */ = {
			isa = PBXFrameworksBuildPhase;
			buildActionMask = 2147483647;
			files = (
				E40410A62FAA14F00065468D /* DemucsMLX in Frameworks */,
			);
			runOnlyForDeploymentPostprocessing = 0;
		};
		E48562E12FAA0CA000AE0E92 /* Frameworks */ = {
			isa = PBXFrameworksBuildPhase;
			buildActionMask = 2147483647;
			files = (
			);
			runOnlyForDeploymentPostprocessing = 0;
		};
/* End PBXFrameworksBuildPhase section */

/* Begin PBXGroup section */
		E48562CE2FAA0C9F00AE0E92 = {
			isa = PBXGroup;
			children = (
				E48562D92FAA0C9F00AE0E92 /* Quatuor */,
				E48562E72FAA0CA000AE0E92 /* QuatuorTests */,
				E48562D82FAA0C9F00AE0E92 /* Products */,
				E40410AE2FAA33580065468D /* Lame.xcconfig */,
				E4A1C0012FAA00010065468D /* AppIcon.icns */,
			);
			sourceTree = "<group>";
		};
		E48562D82FAA0C9F00AE0E92 /* Products */ = {
			isa = PBXGroup;
			children = (
				E48562D72FAA0C9F00AE0E92 /* Quatuor.app */,
				E48562E42FAA0CA000AE0E92 /* QuatuorTests.xctest */,
			);
			name = Products;
			sourceTree = "<group>";
		};
/* End PBXGroup section */

/* Begin PBXNativeTarget section */
		E48562D62FAA0C9F00AE0E92 /* Quatuor */ = {
			isa = PBXNativeTarget;
			buildConfigurationList = E48562F82FAA0CA000AE0E92 /* Build configuration list for PBXNativeTarget "Quatuor" */;
			buildPhases = (
				E48562D32FAA0C9F00AE0E92 /* Sources */,
				E48562D42FAA0C9F00AE0E92 /* Frameworks */,
				E48562D52FAA0C9F00AE0E92 /* Resources */,
			);
			buildRules = (
			);
			dependencies = (
			);
			fileSystemSynchronizedGroups = (
				E48562D92FAA0C9F00AE0E92 /* Quatuor */,
			);
			name = Quatuor;
			packageProductDependencies = (
				E40410A52FAA14F00065468D /* DemucsMLX */,
			);
			productName = Quatuor;
			productReference = E48562D72FAA0C9F00AE0E92 /* Quatuor.app */;
			productType = "com.apple.product-type.application";
		};
		E48562E32FAA0CA000AE0E92 /* QuatuorTests */ = {
			isa = PBXNativeTarget;
			buildConfigurationList = E48562FB2FAA0CA000AE0E92 /* Build configuration list for PBXNativeTarget "QuatuorTests" */;
			buildPhases = (
				E48562E02FAA0CA000AE0E92 /* Sources */,
				E48562E12FAA0CA000AE0E92 /* Frameworks */,
				E48562E22FAA0CA000AE0E92 /* Resources */,
			);
			buildRules = (
			);
			dependencies = (
				E48562E62FAA0CA000AE0E92 /* PBXTargetDependency */,
			);
			fileSystemSynchronizedGroups = (
				E48562E72FAA0CA000AE0E92 /* QuatuorTests */,
			);
			name = QuatuorTests;
			packageProductDependencies = (
			);
			productName = QuatuorTests;
			productReference = E48562E42FAA0CA000AE0E92 /* QuatuorTests.xctest */;
			productType = "com.apple.product-type.bundle.unit-test";
		};
/* End PBXNativeTarget section */

/* Begin PBXProject section */
		E48562CF2FAA0C9F00AE0E92 /* Project object */ = {
			isa = PBXProject;
			attributes = {
				BuildIndependentTargetsInParallel = 1;
				LastSwiftUpdateCheck = 2640;
				LastUpgradeCheck = 2640;
				TargetAttributes = {
					E48562D62FAA0C9F00AE0E92 = {
						CreatedOnToolsVersion = 26.4.1;
					};
					E48562E32FAA0CA000AE0E92 = {
						CreatedOnToolsVersion = 26.4.1;
						TestTargetID = E48562D62FAA0C9F00AE0E92;
					};
				};
			};
			buildConfigurationList = E48562D22FAA0C9F00AE0E92 /* Build configuration list for PBXProject "Quatuor" */;
			developmentRegion = en;
			hasScannedForEncodings = 0;
			knownRegions = (
				en,
				Base,
			);
			mainGroup = E48562CE2FAA0C9F00AE0E92;
			minimizedProjectReferenceProxies = 1;
			packageReferences = (
				E40410A42FAA14F00065468D /* XCRemoteSwiftPackageReference "demucs-mlx-swift" */,
			);
			preferredProjectObjectVersion = 77;
			productRefGroup = E48562D82FAA0C9F00AE0E92 /* Products */;
			projectDirPath = "";
			projectRoot = "";
			targets = (
				E48562D62FAA0C9F00AE0E92 /* Quatuor */,
				E48562E32FAA0CA000AE0E92 /* QuatuorTests */,
			);
		};
/* End PBXProject section */

/* Begin PBXResourcesBuildPhase section */
		E48562D52FAA0C9F00AE0E92 /* Resources */ = {
			isa = PBXResourcesBuildPhase;
			buildActionMask = 2147483647;
			files = (
				E4A1C0022FAA00010065468D /* AppIcon.icns in Resources */,
			);
			runOnlyForDeploymentPostprocessing = 0;
		};
		E48562E22FAA0CA000AE0E92 /* Resources */ = {
			isa = PBXResourcesBuildPhase;
			buildActionMask = 2147483647;
			files = (
			);
			runOnlyForDeploymentPostprocessing = 0;
		};
/* End PBXResourcesBuildPhase section */

/* Begin PBXSourcesBuildPhase section */
		E48562D32FAA0C9F00AE0E92 /* Sources */ = {
			isa = PBXSourcesBuildPhase;
			buildActionMask = 2147483647;
			files = (
			);
			runOnlyForDeploymentPostprocessing = 0;
		};
		E48562E02FAA0CA000AE0E92 /* Sources */ = {
			isa = PBXSourcesBuildPhase;
			buildActionMask = 2147483647;
			files = (
			);
			runOnlyForDeploymentPostprocessing = 0;
		};
/* End PBXSourcesBuildPhase section */

/* Begin PBXTargetDependency section */
		E48562E62FAA0CA000AE0E92 /* PBXTargetDependency */ = {
			isa = PBXTargetDependency;
			target = E48562D62FAA0C9F00AE0E92 /* Quatuor */;
			targetProxy = E48562E52FAA0CA000AE0E92 /* PBXContainerItemProxy */;
		};
/* End PBXTargetDependency section */

/* Begin XCBuildConfiguration section */
		E48562F62FAA0CA000AE0E92 /* Debug */ = {
			isa = XCBuildConfiguration;
			buildSettings = {
				ALWAYS_SEARCH_USER_PATHS = NO;
				CLANG_ANALYZER_NONNULL = YES;
				CLANG_ANALYZER_NUMBER_OBJECT_CONVERSION = YES_AGGRESSIVE;
				CLANG_CXX_LANGUAGE_STANDARD = "gnu++20";
				CLANG_ENABLE_MODULES = YES;
				CLANG_ENABLE_OBJC_ARC = YES;
				CLANG_ENABLE_OBJC_WEAK = YES;
				CLANG_WARN_BLOCK_CAPTURE_AUTORELEASING = YES;
				CLANG_WARN_BOOL_CONVERSION = YES;
				CLANG_WARN_COMMA = YES;
				CLANG_WARN_CONSTANT_CONVERSION = YES;
				CLANG_WARN_DEPRECATED_OBJC_IMPLEMENTATIONS = YES;
				CLANG_WARN_DIRECT_OBJC_ISA_USAGE = YES_ERROR;
				CLANG_WARN_DOCUMENTATION_COMMENTS = YES;
				CLANG_WARN_EMPTY_BODY = YES;
				CLANG_WARN_ENUM_CONVERSION = YES;
				CLANG_WARN_INFINITE_RECURSION = YES;
				CLANG_WARN_INT_CONVERSION = YES;
				CLANG_WARN_NON_LITERAL_NULL_CONVERSION = YES;
				CLANG_WARN_OBJC_IMPLICIT_RETAIN_SELF = YES;
				CLANG_WARN_OBJC_LITERAL_CONVERSION = YES;
				CLANG_WARN_OBJC_ROOT_CLASS = YES_ERROR;
				CLANG_WARN_QUOTED_INCLUDE_IN_FRAMEWORK_HEADER = YES;
				CLANG_WARN_RANGE_LOOP_ANALYSIS = YES;
				CLANG_WARN_STRICT_PROTOTYPES = YES;
				CLANG_WARN_SUSPICIOUS_MOVE = YES;
				CLANG_WARN_UNGUARDED_AVAILABILITY = YES_AGGRESSIVE;
				CLANG_WARN_UNREACHABLE_CODE = YES;
				CLANG_WARN__DUPLICATE_METHOD_MATCH = YES;
				COPY_PHASE_STRIP = NO;
				DEBUG_INFORMATION_FORMAT = dwarf;
				DEVELOPMENT_TEAM = JJAB4C2285;
				ENABLE_STRICT_OBJC_MSGSEND = YES;
				ENABLE_TESTABILITY = YES;
				ENABLE_USER_SCRIPT_SANDBOXING = YES;
				GCC_C_LANGUAGE_STANDARD = gnu17;
				GCC_DYNAMIC_NO_PIC = NO;
				GCC_NO_COMMON_BLOCKS = YES;
				GCC_OPTIMIZATION_LEVEL = 0;
				GCC_PREPROCESSOR_DEFINITIONS = (
					"DEBUG=1",
					"$(inherited)",
				);
				GCC_WARN_64_TO_32_BIT_CONVERSION = YES;
				GCC_WARN_ABOUT_RETURN_TYPE = YES_ERROR;
				GCC_WARN_UNDECLARED_SELECTOR = YES;
				GCC_WARN_UNINITIALIZED_AUTOS = YES_AGGRESSIVE;
				GCC_WARN_UNUSED_FUNCTION = YES;
				GCC_WARN_UNUSED_VARIABLE = YES;
				LOCALIZATION_PREFERS_STRING_CATALOGS = YES;
				MACOSX_DEPLOYMENT_TARGET = 26.4;
				MTL_ENABLE_DEBUG_INFO = INCLUDE_SOURCE;
				MTL_FAST_MATH = YES;
				ONLY_ACTIVE_ARCH = YES;
				SDKROOT = macosx;
				SWIFT_ACTIVE_COMPILATION_CONDITIONS = "DEBUG $(inherited)";
				SWIFT_OPTIMIZATION_LEVEL = "-Onone";
			};
			name = Debug;
		};
		E48562F72FAA0CA000AE0E92 /* Release */ = {
			isa = XCBuildConfiguration;
			buildSettings = {
				ALWAYS_SEARCH_USER_PATHS = NO;
				CLANG_ANALYZER_NONNULL = YES;
				CLANG_ANALYZER_NUMBER_OBJECT_CONVERSION = YES_AGGRESSIVE;
				CLANG_CXX_LANGUAGE_STANDARD = "gnu++20";
				CLANG_ENABLE_MODULES = YES;
				CLANG_ENABLE_OBJC_ARC = YES;
				CLANG_ENABLE_OBJC_WEAK = YES;
				CLANG_WARN_BLOCK_CAPTURE_AUTORELEASING = YES;
				CLANG_WARN_BOOL_CONVERSION = YES;
				CLANG_WARN_COMMA = YES;
				CLANG_WARN_CONSTANT_CONVERSION = YES;
				CLANG_WARN_DEPRECATED_OBJC_IMPLEMENTATIONS = YES;
				CLANG_WARN_DIRECT_OBJC_ISA_USAGE = YES_ERROR;
				CLANG_WARN_DOCUMENTATION_COMMENTS = YES;
				CLANG_WARN_EMPTY_BODY = YES;
				CLANG_WARN_ENUM_CONVERSION = YES;
				CLANG_WARN_INFINITE_RECURSION = YES;
				CLANG_WARN_INT_CONVERSION = YES;
				CLANG_WARN_NON_LITERAL_NULL_CONVERSION = YES;
				CLANG_WARN_OBJC_IMPLICIT_RETAIN_SELF = YES;
				CLANG_WARN_OBJC_LITERAL_CONVERSION = YES;
				CLANG_WARN_OBJC_ROOT_CLASS = YES_ERROR;
				CLANG_WARN_QUOTED_INCLUDE_IN_FRAMEWORK_HEADER = YES;
				CLANG_WARN_RANGE_LOOP_ANALYSIS = YES;
				CLANG_WARN_STRICT_PROTOTYPES = YES;
				CLANG_WARN_SUSPICIOUS_MOVE = YES;
				CLANG_WARN_UNGUARDED_AVAILABILITY = YES_AGGRESSIVE;
				CLANG_WARN_UNREACHABLE_CODE = YES;
				CLANG_WARN__DUPLICATE_METHOD_MATCH = YES;
				COPY_PHASE_STRIP = NO;
				DEBUG_INFORMATION_FORMAT = "dwarf-with-dsym";
				DEVELOPMENT_TEAM = JJAB4C2285;
				ENABLE_NS_ASSERTIONS = NO;
				ENABLE_STRICT_OBJC_MSGSEND = YES;
				ENABLE_USER_SCRIPT_SANDBOXING = YES;
				GCC_C_LANGUAGE_STANDARD = gnu17;
				GCC_NO_COMMON_BLOCKS = YES;
				GCC_WARN_64_TO_32_BIT_CONVERSION = YES;
				GCC_WARN_ABOUT_RETURN_TYPE = YES_ERROR;
				GCC_WARN_UNDECLARED_SELECTOR = YES;
				GCC_WARN_UNINITIALIZED_AUTOS = YES_AGGRESSIVE;
				GCC_WARN_UNUSED_FUNCTION = YES;
				GCC_WARN_UNUSED_VARIABLE = YES;
				LOCALIZATION_PREFERS_STRING_CATALOGS = YES;
				MACOSX_DEPLOYMENT_TARGET = 26.4;
				MTL_ENABLE_DEBUG_INFO = NO;
				MTL_FAST_MATH = YES;
				SDKROOT = macosx;
				SWIFT_COMPILATION_MODE = wholemodule;
			};
			name = Release;
		};
		E48562F92FAA0CA000AE0E92 /* Debug */ = {
			isa = XCBuildConfiguration;
			baseConfigurationReference = E40410AE2FAA33580065468D /* Lame.xcconfig */;
			buildSettings = {
				CODE_SIGN_ENTITLEMENTS = Quatuor/Quatuor.entitlements;
				CODE_SIGN_STYLE = Automatic;
				COMBINE_HIDPI_IMAGES = YES;
				CURRENT_PROJECT_VERSION = 1;
				DEVELOPMENT_TEAM = JJAB4C2285;
				ENABLE_APP_SANDBOX = YES;
				ENABLE_HARDENED_RUNTIME = YES;
				ENABLE_INCOMING_NETWORK_CONNECTIONS = NO;
				ENABLE_OUTGOING_NETWORK_CONNECTIONS = NO;
				ENABLE_PREVIEWS = YES;
				ENABLE_RESOURCE_ACCESS_AUDIO_INPUT = NO;
				ENABLE_RESOURCE_ACCESS_BLUETOOTH = NO;
				ENABLE_RESOURCE_ACCESS_CALENDARS = NO;
				ENABLE_RESOURCE_ACCESS_CAMERA = NO;
				ENABLE_RESOURCE_ACCESS_CONTACTS = NO;
				ENABLE_RESOURCE_ACCESS_LOCATION = NO;
				ENABLE_RESOURCE_ACCESS_PRINTING = NO;
				ENABLE_RESOURCE_ACCESS_USB = NO;
				ENABLE_USER_SELECTED_FILES = readwrite;
				GENERATE_INFOPLIST_FILE = YES;
				INFOPLIST_FILE = Resources/Info.plist;
				INFOPLIST_KEY_NSHumanReadableCopyright = "© 2026 gwenn-ha-dev";
				LD_RUNPATH_SEARCH_PATHS = (
					"$(inherited)",
					"@executable_path/../Frameworks",
				);
				MARKETING_VERSION = 1.0;
				SWIFT_TREAT_WARNINGS_AS_ERRORS = YES;
				PRODUCT_BUNDLE_IDENTIFIER = dev.gwennha.Quatuor;
				PRODUCT_NAME = "$(TARGET_NAME)";
				REGISTER_APP_GROUPS = YES;
				STRING_CATALOG_GENERATE_SYMBOLS = NO;
				SWIFT_APPROACHABLE_CONCURRENCY = YES;
				SWIFT_DEFAULT_ACTOR_ISOLATION = MainActor;
				SWIFT_EMIT_LOC_STRINGS = YES;
				SWIFT_UPCOMING_FEATURE_MEMBER_IMPORT_VISIBILITY = YES;
				SWIFT_VERSION = 5.0;
			};
			name = Debug;
		};
		E48562FA2FAA0CA000AE0E92 /* Release */ = {
			isa = XCBuildConfiguration;
			baseConfigurationReference = E40410AE2FAA33580065468D /* Lame.xcconfig */;
			buildSettings = {
				CODE_SIGN_ENTITLEMENTS = Quatuor/Quatuor.entitlements;
				CODE_SIGN_STYLE = Automatic;
				COMBINE_HIDPI_IMAGES = YES;
				CURRENT_PROJECT_VERSION = 1;
				DEVELOPMENT_TEAM = JJAB4C2285;
				ENABLE_APP_SANDBOX = YES;
				ENABLE_HARDENED_RUNTIME = YES;
				ENABLE_INCOMING_NETWORK_CONNECTIONS = NO;
				ENABLE_OUTGOING_NETWORK_CONNECTIONS = NO;
				ENABLE_PREVIEWS = YES;
				ENABLE_RESOURCE_ACCESS_AUDIO_INPUT = NO;
				ENABLE_RESOURCE_ACCESS_BLUETOOTH = NO;
				ENABLE_RESOURCE_ACCESS_CALENDARS = NO;
				ENABLE_RESOURCE_ACCESS_CAMERA = NO;
				ENABLE_RESOURCE_ACCESS_CONTACTS = NO;
				ENABLE_RESOURCE_ACCESS_LOCATION = NO;
				ENABLE_RESOURCE_ACCESS_PRINTING = NO;
				ENABLE_RESOURCE_ACCESS_USB = NO;
				ENABLE_USER_SELECTED_FILES = readwrite;
				GENERATE_INFOPLIST_FILE = YES;
				INFOPLIST_FILE = Resources/Info.plist;
				INFOPLIST_KEY_NSHumanReadableCopyright = "© 2026 gwenn-ha-dev";
				LD_RUNPATH_SEARCH_PATHS = (
					"$(inherited)",
					"@executable_path/../Frameworks",
				);
				MARKETING_VERSION = 1.0;
				SWIFT_TREAT_WARNINGS_AS_ERRORS = YES;
				PRODUCT_BUNDLE_IDENTIFIER = dev.gwennha.Quatuor;
				PRODUCT_NAME = "$(TARGET_NAME)";
				REGISTER_APP_GROUPS = YES;
				STRING_CATALOG_GENERATE_SYMBOLS = NO;
				SWIFT_APPROACHABLE_CONCURRENCY = YES;
				SWIFT_DEFAULT_ACTOR_ISOLATION = MainActor;
				SWIFT_EMIT_LOC_STRINGS = YES;
				SWIFT_UPCOMING_FEATURE_MEMBER_IMPORT_VISIBILITY = YES;
				SWIFT_VERSION = 5.0;
			};
			name = Release;
		};
		E48562FC2FAA0CA000AE0E92 /* Debug */ = {
			isa = XCBuildConfiguration;
			buildSettings = {
				HEADER_SEARCH_PATHS = (
					"$(inherited)",
					"$(SRCROOT)/ThirdParty/lame/include",
				);
				LIBRARY_SEARCH_PATHS = (
					"$(inherited)",
					"$(SRCROOT)/ThirdParty/lame/lib",
				);
				BUNDLE_LOADER = "$(TEST_HOST)";
				CODE_SIGN_STYLE = Automatic;
				CURRENT_PROJECT_VERSION = 1;
				DEVELOPMENT_TEAM = JJAB4C2285;
				GENERATE_INFOPLIST_FILE = YES;
				MACOSX_DEPLOYMENT_TARGET = 26.4;
				MARKETING_VERSION = 1.0;
				SWIFT_TREAT_WARNINGS_AS_ERRORS = YES;
				PRODUCT_BUNDLE_IDENTIFIER = dev.gwennha.QuatuorTests;
				PRODUCT_NAME = "$(TARGET_NAME)";
				STRING_CATALOG_GENERATE_SYMBOLS = NO;
				SWIFT_APPROACHABLE_CONCURRENCY = YES;
				SWIFT_EMIT_LOC_STRINGS = NO;
				SWIFT_UPCOMING_FEATURE_MEMBER_IMPORT_VISIBILITY = YES;
				SWIFT_VERSION = 5.0;
				TEST_HOST = "$(BUILT_PRODUCTS_DIR)/Quatuor.app/$(BUNDLE_EXECUTABLE_FOLDER_PATH)/Quatuor";
			};
			name = Debug;
		};
		E48562FD2FAA0CA000AE0E92 /* Release */ = {
			isa = XCBuildConfiguration;
			buildSettings = {
				HEADER_SEARCH_PATHS = (
					"$(inherited)",
					"$(SRCROOT)/ThirdParty/lame/include",
				);
				LIBRARY_SEARCH_PATHS = (
					"$(inherited)",
					"$(SRCROOT)/ThirdParty/lame/lib",
				);
				BUNDLE_LOADER = "$(TEST_HOST)";
				CODE_SIGN_STYLE = Automatic;
				CURRENT_PROJECT_VERSION = 1;
				DEVELOPMENT_TEAM = JJAB4C2285;
				GENERATE_INFOPLIST_FILE = YES;
				MACOSX_DEPLOYMENT_TARGET = 26.4;
				MARKETING_VERSION = 1.0;
				SWIFT_TREAT_WARNINGS_AS_ERRORS = YES;
				PRODUCT_BUNDLE_IDENTIFIER = dev.gwennha.QuatuorTests;
				PRODUCT_NAME = "$(TARGET_NAME)";
				STRING_CATALOG_GENERATE_SYMBOLS = NO;
				SWIFT_APPROACHABLE_CONCURRENCY = YES;
				SWIFT_EMIT_LOC_STRINGS = NO;
				SWIFT_UPCOMING_FEATURE_MEMBER_IMPORT_VISIBILITY = YES;
				SWIFT_VERSION = 5.0;
				TEST_HOST = "$(BUILT_PRODUCTS_DIR)/Quatuor.app/$(BUNDLE_EXECUTABLE_FOLDER_PATH)/Quatuor";
			};
			name = Release;
		};
/* End XCBuildConfiguration section */

/* Begin XCConfigurationList section */
		E48562D22FAA0C9F00AE0E92 /* Build configuration list for PBXProject "Quatuor" */ = {
			isa = XCConfigurationList;
			buildConfigurations = (
				E48562F62FAA0CA000AE0E92 /* Debug */,
				E48562F72FAA0CA000AE0E92 /* Release */,
			);
			defaultConfigurationIsVisible = 0;
			defaultConfigurationName = Release;
		};
		E48562F82FAA0CA000AE0E92 /* Build configuration list for PBXNativeTarget "Quatuor" */ = {
			isa = XCConfigurationList;
			buildConfigurations = (
				E48562F92FAA0CA000AE0E92 /* Debug */,
				E48562FA2FAA0CA000AE0E92 /* Release */,
			);
			defaultConfigurationIsVisible = 0;
			defaultConfigurationName = Release;
		};
		E48562FB2FAA0CA000AE0E92 /* Build configuration list for PBXNativeTarget "QuatuorTests" */ = {
			isa = XCConfigurationList;
			buildConfigurations = (
				E48562FC2FAA0CA000AE0E92 /* Debug */,
				E48562FD2FAA0CA000AE0E92 /* Release */,
			);
			defaultConfigurationIsVisible = 0;
			defaultConfigurationName = Release;
		};
/* End XCConfigurationList section */

/* Begin XCRemoteSwiftPackageReference section */
		E40410A42FAA14F00065468D /* XCRemoteSwiftPackageReference "demucs-mlx-swift" */ = {
			isa = XCRemoteSwiftPackageReference;
			repositoryURL = "https://github.com/kylehowells/demucs-mlx-swift";
			requirement = {
				branch = master;
				kind = branch;
			};
		};
/* End XCRemoteSwiftPackageReference section */

/* Begin XCSwiftPackageProductDependency section */
		E40410A52FAA14F00065468D /* DemucsMLX */ = {
			isa = XCSwiftPackageProductDependency;
			package = E40410A42FAA14F00065468D /* XCRemoteSwiftPackageReference "demucs-mlx-swift" */;
			productName = DemucsMLX;
		};
/* End XCSwiftPackageProductDependency section */
	};
	rootObject = E48562CF2FAA0C9F00AE0E92 /* Project object */;
}
